{
  "originHash" : "fc85e79949aeb0ed30707f37edda62bfabab0c8479dae9bd70c4cd817b2a9c83",
  "pins" : [
    {
      "identity" : "redfast-sdk-apple",
      "kind" : "remoteSourceControl",
      "location" : "https://github.com/redfast/redfast-sdk-apple",
      "state" : {
        "revision" : "a727bb727dc28e7640722ca8713d8c73e878cc51",
        "version" : "2.3.5"
      }
    }
  ],
  "version" : 3
}
