{
  "originHash" : "fc85e79949aeb0ed30707f37edda62bfabab0c8479dae9bd70c4cd817b2a9c83",
  "pins" : [
    {
      "identity" : "redfast-sdk-apple",
      "kind" : "remoteSourceControl",
      "location" : "https://github.com/redfast/redfast-sdk-apple",
      "state" : {
        "revision" : "9a12338313e7bd0abc1536791bd916c23ed0c23e",
        "version" : "2.3.1"
      }
    }
  ],
  "version" : 3
}
