{
  "originHash" : "fc85e79949aeb0ed30707f37edda62bfabab0c8479dae9bd70c4cd817b2a9c83",
  "pins" : [
    {
      "identity" : "redfast-sdk-apple",
      "kind" : "remoteSourceControl",
      "location" : "https://github.com/redfast/redfast-sdk-apple",
      "state" : {
        "revision" : "a2e16203fc870bf88c41b4553f9e536c44e9a129",
        "version" : "2.1.1"
      }
    }
  ],
  "version" : 3
}
